
Microsoft Visual Studio Solution File, Format Version 12.00
# Visual Studio Version 16
VisualStudioVersion = 16.0.30225.117
MinimumVisualStudioVersion = 10.0.40219.1
Project("{FAE04EC0-301F-11D3-BF4B-00C04F79EFBC}") = "CPRG.InlandMarine.Data", "CPRG.InlandMarine.Data\CPRG.InlandMarine.Data.csproj", "{185A13EF-4B6C-4F05-BAD5-9792878CCD2B}"
EndProject
Project("{FAE04EC0-301F-11D3-BF4B-00C04F79EFBC}") = "CPRG214.InlandMarine.App", "CPRG214.InlandMarine.App\CPRG214.InlandMarine.App.csproj", "{04C6A7B4-5A3F-494F-BFD2-665772BDE4F5}"
EndProject
Global
	GlobalSection(SolutionConfigurationPlatforms) = preSolution
		Debug|Any CPU = Debug|Any CPU
		Release|Any CPU = Release|Any CPU
	EndGlobalSection
	GlobalSection(ProjectConfigurationPlatforms) = postSolution
		{185A13EF-4B6C-4F05-BAD5-9792878CCD2B}.Debug|Any CPU.ActiveCfg = Debug|Any CPU
		{185A13EF-4B6C-4F05-BAD5-9792878CCD2B}.Debug|Any CPU.Build.0 = Debug|Any CPU
		{185A13EF-4B6C-4F05-BAD5-9792878CCD2B}.Release|Any CPU.ActiveCfg = Release|Any CPU
		{185A13EF-4B6C-4F05-BAD5-9792878CCD2B}.Release|Any CPU.Build.0 = Release|Any CPU
		{04C6A7B4-5A3F-494F-BFD2-665772BDE4F5}.Debug|Any CPU.ActiveCfg = Debug|Any CPU
		{04C6A7B4-5A3F-494F-BFD2-665772BDE4F5}.Debug|Any CPU.Build.0 = Debug|Any CPU
		{04C6A7B4-5A3F-494F-BFD2-665772BDE4F5}.Release|Any CPU.ActiveCfg = Release|Any CPU
		{04C6A7B4-5A3F-494F-BFD2-665772BDE4F5}.Release|Any CPU.Build.0 = Release|Any CPU
	EndGlobalSection
	GlobalSection(SolutionProperties) = preSolution
		HideSolutionNode = FALSE
	EndGlobalSection
	GlobalSection(ExtensibilityGlobals) = postSolution
		SolutionGuid = {8647A18D-63C9-4E5C-9770-A36B7C4195CB}
	EndGlobalSection
EndGlobal
